
Microsoft Visual Studio Solution File, Format Version 11.00
# Visual Studio 2010
Project("{FAE04EC0-301F-11D3-BF4B-00C04F79EFBC}") = "PhotonUnityNetworking.Utilities", "PhotonUnityNetworking.Utilities.csproj", "{a1fe0bc5-e918-4729-7cf0-ea2707cae0b7}"
EndProject
Project("{FAE04EC0-301F-11D3-BF4B-00C04F79EFBC}") = "Assembly-CSharp", "Assembly-CSharp.csproj", "{1099643e-09c4-8d98-fbfb-d30732bb93a6}"
EndProject
Project("{FAE04EC0-301F-11D3-BF4B-00C04F79EFBC}") = "PhotonUnityNetworking.Demos", "PhotonUnityNetworking.Demos.csproj", "{ebae7362-a450-68a6-ffc3-da843a21b80d}"
EndProject
Project("{FAE04EC0-301F-11D3-BF4B-00C04F79EFBC}") = "PhotonUnityNetworking", "PhotonUnityNetworking.csproj", "{1d22dcac-88fe-b160-df62-19f138e55663}"
EndProject
Project("{FAE04EC0-301F-11D3-BF4B-00C04F79EFBC}") = "PhotonChat", "PhotonChat.csproj", "{8463f7eb-ac97-576e-5450-5a93003c4c9c}"
EndProject
Project("{FAE04EC0-301F-11D3-BF4B-00C04F79EFBC}") = "PhotonRealtime", "PhotonRealtime.csproj", "{42572d7b-d5f6-ef11-7264-ad07384f1ee5}"
EndProject
Project("{FAE04EC0-301F-11D3-BF4B-00C04F79EFBC}") = "PhotonUnityNetworking.Editor", "PhotonUnityNetworking.Editor.csproj", "{edd0cd72-2d93-0aaf-39b9-b86a2236ef66}"
EndProject
Project("{FAE04EC0-301F-11D3-BF4B-00C04F79EFBC}") = "Assembly-CSharp-Editor", "Assembly-CSharp-Editor.csproj", "{90afea44-c9d5-53e7-c9ac-7cd8d9c61f1a}"
EndProject
Project("{FAE04EC0-301F-11D3-BF4B-00C04F79EFBC}") = "PhotonUnityNetworking.Utilities.PhotonPlayer.Editor", "PhotonUnityNetworking.Utilities.PhotonPlayer.Editor.csproj", "{e2a1c0ed-bfe2-61fb-9032-769401fd79fc}"
EndProject
Project("{FAE04EC0-301F-11D3-BF4B-00C04F79EFBC}") = "PunDemos.DemoSlotcarEditor", "PunDemos.DemoSlotcarEditor.csproj", "{92c3952b-29b8-d2c3-7f1f-343dc918fc0e}"
EndProject
Project("{FAE04EC0-301F-11D3-BF4B-00C04F79EFBC}") = "PhotonUnityNetworking.Utilities.Culling.Editor", "PhotonUnityNetworking.Utilities.Culling.Editor.csproj", "{1e1a26d7-abd7-2ef5-006f-f6e8c11fcb58}"
EndProject
Project("{FAE04EC0-301F-11D3-BF4B-00C04F79EFBC}") = "PunDemos.DemoHubEditor", "PunDemos.DemoHubEditor.csproj", "{99cc1fb1-0dcb-7a58-7ae4-2074dcbe3bfe}"
EndProject
Global
	GlobalSection(SolutionConfigurationPlatforms) = preSolution
		Debug|Any CPU = Debug|Any CPU
	EndGlobalSection
	GlobalSection(ProjectConfigurationPlatforms) = postSolution
		{a1fe0bc5-e918-4729-7cf0-ea2707cae0b7}.Debug|Any CPU.ActiveCfg = Debug|Any CPU
		{a1fe0bc5-e918-4729-7cf0-ea2707cae0b7}.Debug|Any CPU.Build.0 = Debug|Any CPU
		{1099643e-09c4-8d98-fbfb-d30732bb93a6}.Debug|Any CPU.ActiveCfg = Debug|Any CPU
		{1099643e-09c4-8d98-fbfb-d30732bb93a6}.Debug|Any CPU.Build.0 = Debug|Any CPU
		{ebae7362-a450-68a6-ffc3-da843a21b80d}.Debug|Any CPU.ActiveCfg = Debug|Any CPU
		{ebae7362-a450-68a6-ffc3-da843a21b80d}.Debug|Any CPU.Build.0 = Debug|Any CPU
		{1d22dcac-88fe-b160-df62-19f138e55663}.Debug|Any CPU.ActiveCfg = Debug|Any CPU
		{1d22dcac-88fe-b160-df62-19f138e55663}.Debug|Any CPU.Build.0 = Debug|Any CPU
		{8463f7eb-ac97-576e-5450-5a93003c4c9c}.Debug|Any CPU.ActiveCfg = Debug|Any CPU
		{8463f7eb-ac97-576e-5450-5a93003c4c9c}.Debug|Any CPU.Build.0 = Debug|Any CPU
		{42572d7b-d5f6-ef11-7264-ad07384f1ee5}.Debug|Any CPU.ActiveCfg = Debug|Any CPU
		{42572d7b-d5f6-ef11-7264-ad07384f1ee5}.Debug|Any CPU.Build.0 = Debug|Any CPU
		{edd0cd72-2d93-0aaf-39b9-b86a2236ef66}.Debug|Any CPU.ActiveCfg = Debug|Any CPU
		{edd0cd72-2d93-0aaf-39b9-b86a2236ef66}.Debug|Any CPU.Build.0 = Debug|Any CPU
		{90afea44-c9d5-53e7-c9ac-7cd8d9c61f1a}.Debug|Any CPU.ActiveCfg = Debug|Any CPU
		{90afea44-c9d5-53e7-c9ac-7cd8d9c61f1a}.Debug|Any CPU.Build.0 = Debug|Any CPU
		{e2a1c0ed-bfe2-61fb-9032-769401fd79fc}.Debug|Any CPU.ActiveCfg = Debug|Any CPU
		{e2a1c0ed-bfe2-61fb-9032-769401fd79fc}.Debug|Any CPU.Build.0 = Debug|Any CPU
		{92c3952b-29b8-d2c3-7f1f-343dc918fc0e}.Debug|Any CPU.ActiveCfg = Debug|Any CPU
		{92c3952b-29b8-d2c3-7f1f-343dc918fc0e}.Debug|Any CPU.Build.0 = Debug|Any CPU
		{1e1a26d7-abd7-2ef5-006f-f6e8c11fcb58}.Debug|Any CPU.ActiveCfg = Debug|Any CPU
		{1e1a26d7-abd7-2ef5-006f-f6e8c11fcb58}.Debug|Any CPU.Build.0 = Debug|Any CPU
		{99cc1fb1-0dcb-7a58-7ae4-2074dcbe3bfe}.Debug|Any CPU.ActiveCfg = Debug|Any CPU
		{99cc1fb1-0dcb-7a58-7ae4-2074dcbe3bfe}.Debug|Any CPU.Build.0 = Debug|Any CPU
	EndGlobalSection
	GlobalSection(SolutionProperties) = preSolution
		HideSolutionNode = FALSE
	EndGlobalSection
EndGlobal
